
Microsoft Visual Studio Solution File, Format Version 12.00
# Visual Studio Version 17
VisualStudioVersion = 17.1.32210.238
MinimumVisualStudioVersion = 10.0.40219.1
Project("{FAE04EC0-301F-11D3-BF4B-00C04F79EFBC}") = "Crawford", "Crawford\Crawford.csproj", "{246AD974-5BA4-488B-A546-D6E7D48BA4CA}"
EndProject
Global
	GlobalSection(SolutionConfigurationPlatforms) = preSolution
		Debug|Any CPU = Debug|Any CPU
		Release|Any CPU = Release|Any CPU
	EndGlobalSection
	GlobalSection(ProjectConfigurationPlatforms) = postSolution
		{246AD974-5BA4-488B-A546-D6E7D48BA4CA}.Debug|Any CPU.ActiveCfg = Debug|Any CPU
		{246AD974-5BA4-488B-A546-D6E7D48BA4CA}.Debug|Any CPU.Build.0 = Debug|Any CPU
		{246AD974-5BA4-488B-A546-D6E7D48BA4CA}.Release|Any CPU.ActiveCfg = Release|Any CPU
		{246AD974-5BA4-488B-A546-D6E7D48BA4CA}.Release|Any CPU.Build.0 = Release|Any CPU
	EndGlobalSection
	GlobalSection(SolutionProperties) = preSolution
		HideSolutionNode = FALSE
	EndGlobalSection
	GlobalSection(ExtensibilityGlobals) = postSolution
		SolutionGuid = {09C01702-7E0E-4C12-9CC5-AFD2261509FC}
	EndGlobalSection
EndGlobal
